{
  "version": 2,
  "dependencies": {
    "net10.0": {
      "PlcComm.KvHostLink": {
        "type": "Direct",
        "requested": "[4.2.0, )",
        "resolved": "4.2.0",
        "contentHash": "9TNtfkmL9Dpb4ciez2shSSPD1Y6ssRoTSV4A+WyWFuS+RDdxavUj7gznPhW1KJ47X1GT60r/2wrGTElCTd13PQ=="
      },
      "PlcComm.Slmp": {
        "type": "Direct",
        "requested": "[5.2.0, )",
        "resolved": "5.2.0",
        "contentHash": "KCO0OHjWClhOYXzOMUsVJBEbfkxMI8Zl0YmnV7TFtcTC+Jxdrrjl5ntTmg0Emt3jJx3Mo7qkv50zok5S16o5JA=="
      },
      "PlcComm.Toyopuc": {
        "type": "Direct",
        "requested": "[4.2.0, )",
        "resolved": "4.2.0",
        "contentHash": "hUUIthtPreH5lislUcnpfTWx1rVQbojKHog2gE3ffi707NzeNQSF7xt0BW7rTHwP2NDutViJBVPKlEm9gfBFpw=="
      },
      "plcscope.core": {
        "type": "Project",
        "dependencies": {
          "PlcComm.KvHostLink": "[4.2.0, )",
          "PlcComm.Slmp": "[5.2.0, )",
          "PlcComm.Toyopuc": "[4.2.0, )"
        }
      }
    }
  }
}