{
  "version": 2,
  "dependencies": {
    "net10.0": {
      "PlcComm.KvHostLink": {
        "type": "Direct",
        "requested": "[4.0.0, )",
        "resolved": "4.0.0",
        "contentHash": "+eDlfIhOiMIxklpTLX74QceEIzdoJOmVQDUyLtY7k4S3ghwxY4HckmEjdptViCLEM+Gk5+NNDA2Mas3Z+Fap4Q=="
      },
      "PlcComm.Slmp": {
        "type": "Direct",
        "requested": "[5.0.0, )",
        "resolved": "5.0.0",
        "contentHash": "H2/PVaQ74i5m4ZR7c/CfovxhqPfF3Lm8/+K9lq++qlayxp47b9lQnYnXSFJjTvHNAQZRZkvksZAir0RthZcFLg=="
      },
      "PlcComm.Toyopuc": {
        "type": "Direct",
        "requested": "[4.0.0, )",
        "resolved": "4.0.0",
        "contentHash": "JDn/1rAAQuUdyvqle3jIx7DEUY7hyIqpOsbGbJ0JToj3NKqwKFPF9D+qGlZZedhc1zqZvyYFgrEPCJQsxZAFqA=="
      },
      "plcscope.core": {
        "type": "Project",
        "dependencies": {
          "PlcComm.KvHostLink": "[4.0.0, )",
          "PlcComm.Slmp": "[5.0.0, )",
          "PlcComm.Toyopuc": "[4.0.0, )"
        }
      }
    }
  }
}