{
  "version": 2,
  "dependencies": {
    "net10.0-windows7.0": {
      "CommunityToolkit.Mvvm": {
        "type": "Direct",
        "requested": "[8.4.2, )",
        "resolved": "8.4.2",
        "contentHash": "WadCzGEc2U+3e20avRLng4qNtt4zoOGWrdUISqJWrHe3/FSnrYjuM5Sb4yQb09LhkBXrrI4Zt3dLKgRMbItsrg=="
      },
      "Microsoft.Extensions.DependencyInjection": {
        "type": "Direct",
        "requested": "[10.0.9, )",
        "resolved": "10.0.9",
        "contentHash": "NijozhERJDIaJ4k5TSMy1jOi0cSC2HfkvRD/Sl+kGSSKgVbFnF4GxgtMN/MrzHB8D1JxIrD4xSer9Blh9v3axQ==",
        "dependencies": {
          "Microsoft.Extensions.DependencyInjection.Abstractions": "10.0.9"
        }
      },
      "Microsoft.NET.ILLink.Tasks": {
        "type": "Direct",
        "requested": "[10.0.6, )",
        "resolved": "10.0.6",
        "contentHash": "QKuvS0LWX4fjFqeDkyM7Kqt8P3wYTiPD4nwU+9y59n0sCiG714fxDgbbN82vDnzq89AF/PiHl92TP2C4aFDUQA=="
      },
      "PlcComm.KvHostLink": {
        "type": "Direct",
        "requested": "[4.1.0, )",
        "resolved": "4.1.0",
        "contentHash": "wuQFo0ocMFLm2uMCfB5zpmJsVFt2YbqlKMfEYzetVIDqVE6wrOwVEyWaW9rB15sGeTn9A8S/Gw2LjjJFcnj28A=="
      },
      "Microsoft.Extensions.DependencyInjection.Abstractions": {
        "type": "Transitive",
        "resolved": "10.0.9",
        "contentHash": "g41l/30G3K4B/d/L8kjux0+30e27c8D0FVQ/PFCpbekgfDpj9mnDhieP67EqXWvl1EWNeZh2rpR4F5B/jcDOHA=="
      },
      "plcscope.core": {
        "type": "Project",
        "dependencies": {
          "PlcComm.KvHostLink": "[4.1.0, )",
          "PlcComm.Slmp": "[5.1.0, )",
          "PlcComm.Toyopuc": "[4.1.0, )"
        }
      },
      "plcscope.infrastructure": {
        "type": "Project",
        "dependencies": {
          "PlcComm.KvHostLink": "[4.1.0, )",
          "PlcComm.Slmp": "[5.1.0, )",
          "PlcComm.Toyopuc": "[4.1.0, )",
          "PlcScope.Core": "[1.0.0, )"
        }
      },
      "PlcComm.Slmp": {
        "type": "CentralTransitive",
        "requested": "[5.1.0, )",
        "resolved": "5.1.0",
        "contentHash": "Q1ksZnckNsvMy2PR0lUiyyCLT/dz7wRQaj3YA2/pjvBNpyXReSMjEArHTkWmNZXuqKTwuvZCH4N2QkZUWfTW9Q=="
      },
      "PlcComm.Toyopuc": {
        "type": "CentralTransitive",
        "requested": "[4.1.0, )",
        "resolved": "4.1.0",
        "contentHash": "Oq+laAygTAgdOx/6GF26haL0Vh8iP0Trp8v4tH8TbDVRvU51Cz23EiHLQdxrtM9t3HeC2GNETC3nFrlxLzqkuA=="
      }
    },
    "net10.0-windows7.0/win-x64": {}
  }
}