{
  "version": 2,
  "dependencies": {
    "net10.0": {
      "Microsoft.NET.ILLink.Tasks": {
        "type": "Direct",
        "requested": "[10.0.6, )",
        "resolved": "10.0.6",
        "contentHash": "QKuvS0LWX4fjFqeDkyM7Kqt8P3wYTiPD4nwU+9y59n0sCiG714fxDgbbN82vDnzq89AF/PiHl92TP2C4aFDUQA=="
      },
      "PlcComm.KvHostLink": {
        "type": "Direct",
        "requested": "[4.1.0, )",
        "resolved": "4.1.0",
        "contentHash": "wuQFo0ocMFLm2uMCfB5zpmJsVFt2YbqlKMfEYzetVIDqVE6wrOwVEyWaW9rB15sGeTn9A8S/Gw2LjjJFcnj28A=="
      },
      "PlcComm.Slmp": {
        "type": "Direct",
        "requested": "[5.1.0, )",
        "resolved": "5.1.0",
        "contentHash": "Q1ksZnckNsvMy2PR0lUiyyCLT/dz7wRQaj3YA2/pjvBNpyXReSMjEArHTkWmNZXuqKTwuvZCH4N2QkZUWfTW9Q=="
      },
      "PlcComm.Toyopuc": {
        "type": "Direct",
        "requested": "[4.1.0, )",
        "resolved": "4.1.0",
        "contentHash": "Oq+laAygTAgdOx/6GF26haL0Vh8iP0Trp8v4tH8TbDVRvU51Cz23EiHLQdxrtM9t3HeC2GNETC3nFrlxLzqkuA=="
      }
    },
    "net10.0/win-x64": {}
  }
}